
Microsoft Visual Studio Solution File, Format Version 12.00
# Visual Studio 15
VisualStudioVersion = 15.0.27428.2027
MinimumVisualStudioVersion = 10.0.40219.1
Project("{FAE04EC0-301F-11D3-BF4B-00C04F79EFBC}") = "WpfMailSender", "WpfMailSender\WpfMailSender.csproj", "{373D9511-8646-44A1-945E-AD75428E12FA}"
EndProject
Project("{FAE04EC0-301F-11D3-BF4B-00C04F79EFBC}") = "PasswordDLL", "PasswordDLL\PasswordDLL.csproj", "{8AF5268B-F176-48C0-B0B0-70622E6EC3F3}"
EndProject
Project("{FAE04EC0-301F-11D3-BF4B-00C04F79EFBC}") = "TabSwitcher", "TabSwitcher\TabSwitcher.csproj", "{EAC3BC61-5E79-4752-90F4-EF5956A49543}"
EndProject
Project("{FAE04EC0-301F-11D3-BF4B-00C04F79EFBC}") = "CodePasswordDLL.Tests", "CodePasswordDLL.Tests\CodePasswordDLL.Tests.csproj", "{856073B7-DC09-4B5D-9FD3-C0ADB50C688A}"
EndProject
Project("{FAE04EC0-301F-11D3-BF4B-00C04F79EFBC}") = "WpfMailSenderTests", "WpfMailSenderTests\WpfMailSenderTests.csproj", "{BE2A72C6-8527-4FD1-B7F7-47E500E476AA}"
EndProject
Global
	GlobalSection(SolutionConfigurationPlatforms) = preSolution
		Debug|Any CPU = Debug|Any CPU
		Release|Any CPU = Release|Any CPU
	EndGlobalSection
	GlobalSection(ProjectConfigurationPlatforms) = postSolution
		{373D9511-8646-44A1-945E-AD75428E12FA}.Debug|Any CPU.ActiveCfg = Debug|Any CPU
		{373D9511-8646-44A1-945E-AD75428E12FA}.Debug|Any CPU.Build.0 = Debug|Any CPU
		{373D9511-8646-44A1-945E-AD75428E12FA}.Release|Any CPU.ActiveCfg = Debug|Any CPU
		{373D9511-8646-44A1-945E-AD75428E12FA}.Release|Any CPU.Build.0 = Debug|Any CPU
		{8AF5268B-F176-48C0-B0B0-70622E6EC3F3}.Debug|Any CPU.ActiveCfg = Debug|Any CPU
		{8AF5268B-F176-48C0-B0B0-70622E6EC3F3}.Debug|Any CPU.Build.0 = Debug|Any CPU
		{8AF5268B-F176-48C0-B0B0-70622E6EC3F3}.Release|Any CPU.ActiveCfg = Release|Any CPU
		{8AF5268B-F176-48C0-B0B0-70622E6EC3F3}.Release|Any CPU.Build.0 = Release|Any CPU
		{EAC3BC61-5E79-4752-90F4-EF5956A49543}.Debug|Any CPU.ActiveCfg = Debug|Any CPU
		{EAC3BC61-5E79-4752-90F4-EF5956A49543}.Debug|Any CPU.Build.0 = Debug|Any CPU
		{EAC3BC61-5E79-4752-90F4-EF5956A49543}.Release|Any CPU.ActiveCfg = Release|Any CPU
		{EAC3BC61-5E79-4752-90F4-EF5956A49543}.Release|Any CPU.Build.0 = Release|Any CPU
		{856073B7-DC09-4B5D-9FD3-C0ADB50C688A}.Debug|Any CPU.ActiveCfg = Debug|Any CPU
		{856073B7-DC09-4B5D-9FD3-C0ADB50C688A}.Debug|Any CPU.Build.0 = Debug|Any CPU
		{856073B7-DC09-4B5D-9FD3-C0ADB50C688A}.Release|Any CPU.ActiveCfg = Release|Any CPU
		{856073B7-DC09-4B5D-9FD3-C0ADB50C688A}.Release|Any CPU.Build.0 = Release|Any CPU
		{BE2A72C6-8527-4FD1-B7F7-47E500E476AA}.Debug|Any CPU.ActiveCfg = Debug|Any CPU
		{BE2A72C6-8527-4FD1-B7F7-47E500E476AA}.Debug|Any CPU.Build.0 = Debug|Any CPU
		{BE2A72C6-8527-4FD1-B7F7-47E500E476AA}.Release|Any CPU.ActiveCfg = Release|Any CPU
		{BE2A72C6-8527-4FD1-B7F7-47E500E476AA}.Release|Any CPU.Build.0 = Release|Any CPU
	EndGlobalSection
	GlobalSection(SolutionProperties) = preSolution
		HideSolutionNode = FALSE
	EndGlobalSection
	GlobalSection(ExtensibilityGlobals) = postSolution
		SolutionGuid = {C45B2E80-1BDD-4BEE-B3FE-01BDD051527E}
	EndGlobalSection
EndGlobal
